
Microsoft Visual Studio Solution File, Format Version 12.00
# Visual Studio Version 17
VisualStudioVersion = 17.13.35931.197 d17.13
MinimumVisualStudioVersion = 10.0.40219.1
Project("{888888A0-9F3D-457C-B088-3A5042F75D52}") = "EXAMEN T1(pokemon)", "EXAMEN T1(pokemon)\EXAMEN T1(pokemon).pyproj", "{EF97D45D-3582-4875-AD3A-29A716FB5C74}"
EndProject
Global
	GlobalSection(SolutionConfigurationPlatforms) = preSolution
		Debug|Any CPU = Debug|Any CPU
		Release|Any CPU = Release|Any CPU
	EndGlobalSection
	GlobalSection(ProjectConfigurationPlatforms) = postSolution
		{EF97D45D-3582-4875-AD3A-29A716FB5C74}.Debug|Any CPU.ActiveCfg = Debug|Any CPU
		{EF97D45D-3582-4875-AD3A-29A716FB5C74}.Release|Any CPU.ActiveCfg = Release|Any CPU
	EndGlobalSection
	GlobalSection(SolutionProperties) = preSolution
		HideSolutionNode = FALSE
	EndGlobalSection
	GlobalSection(ExtensibilityGlobals) = postSolution
		SolutionGuid = {5037EA7B-5E90-414D-B3AF-2CF9AB820425}
	EndGlobalSection
EndGlobal
